<?xml version="1.0" encoding="utf-8"?>
<Project ToolsVersion="4.0" xmlns="http://schemas.microsoft.com/developer/msbuild/2003">
  <ItemGroup>
    <Filter Include="Source Files">
      <UniqueIdentifier>{61f474e8-6a04-4df3-8356-e013e0ff493e}</UniqueIdentifier>
    </Filter>
    <Filter Include="Generated Files">
      <UniqueIdentifier>{0269aafa-b238-49fb-bd32-23891deaa298}</UniqueIdentifier>
      <SourceControlFiles>False</SourceControlFiles>
    </Filter>
  </ItemGroup>
  <ItemGroup>
    <None Include="DcomServerps.def" />
  </ItemGroup>
  <ItemGroup>
    <ClCompile Include="DcomServer_i.c">
      <Filter>Generated Files</Filter>
    </ClCompile>
    <ClCompile Include="DcomServer_p.c">
      <Filter>Generated Files</Filter>
    </ClCompile>
    <ClCompile Include="dlldata.c">
      <Filter>Generated Files</Filter>
    </ClCompile>
  </ItemGroup>
</Project>